
Microsoft Visual Studio Solution File, Format Version 12.00
# Visual Studio 15
VisualStudioVersion = 15.0.28307.421
MinimumVisualStudioVersion = 10.0.40219.1
Project("{FAE04EC0-301F-11D3-BF4B-00C04F79EFBC}") = "Monolitycznie", "Monolitycznie\Monolitycznie.csproj", "{6E36185A-0AE6-443F-8054-FB61AF57B3FE}"
EndProject
Global
	GlobalSection(SolutionConfigurationPlatforms) = preSolution
		Debug|Any CPU = Debug|Any CPU
		Release|Any CPU = Release|Any CPU
	EndGlobalSection
	GlobalSection(ProjectConfigurationPlatforms) = postSolution
		{6E36185A-0AE6-443F-8054-FB61AF57B3FE}.Debug|Any CPU.ActiveCfg = Debug|Any CPU
		{6E36185A-0AE6-443F-8054-FB61AF57B3FE}.Debug|Any CPU.Build.0 = Debug|Any CPU
		{6E36185A-0AE6-443F-8054-FB61AF57B3FE}.Release|Any CPU.ActiveCfg = Release|Any CPU
		{6E36185A-0AE6-443F-8054-FB61AF57B3FE}.Release|Any CPU.Build.0 = Release|Any CPU
	EndGlobalSection
	GlobalSection(SolutionProperties) = preSolution
		HideSolutionNode = FALSE
	EndGlobalSection
	GlobalSection(ExtensibilityGlobals) = postSolution
		SolutionGuid = {0CA6D90A-D555-46F5-ABB7-1D5AC3118A8E}
	EndGlobalSection
EndGlobal
